
Microsoft Visual Studio Solution File, Format Version 12.00
# Visual Studio Version 16
VisualStudioVersion = 16.0.31321.278
MinimumVisualStudioVersion = 10.0.40219.1
Project("{8BC9CEB8-8B4A-11D0-8D11-00A0C91BC942}") = "NetPP", "NetPP\NetPP.vcxproj", "{69CF3F96-5D11-4428-BBE9-9EBD01514347}"
EndProject
Global
	GlobalSection(SolutionConfigurationPlatforms) = preSolution
		Debug|x64 = Debug|x64
		Debug|x86 = Debug|x86
		Release|x64 = Release|x64
		Release|x86 = Release|x86
	EndGlobalSection
	GlobalSection(ProjectConfigurationPlatforms) = postSolution
		{69CF3F96-5D11-4428-BBE9-9EBD01514347}.Debug|x64.ActiveCfg = Debug|x64
		{69CF3F96-5D11-4428-BBE9-9EBD01514347}.Debug|x64.Build.0 = Debug|x64
		{69CF3F96-5D11-4428-BBE9-9EBD01514347}.Debug|x86.ActiveCfg = Debug|Win32
		{69CF3F96-5D11-4428-BBE9-9EBD01514347}.Debug|x86.Build.0 = Debug|Win32
		{69CF3F96-5D11-4428-BBE9-9EBD01514347}.Release|x64.ActiveCfg = Release|x64
		{69CF3F96-5D11-4428-BBE9-9EBD01514347}.Release|x64.Build.0 = Release|x64
		{69CF3F96-5D11-4428-BBE9-9EBD01514347}.Release|x86.ActiveCfg = Release|Win32
		{69CF3F96-5D11-4428-BBE9-9EBD01514347}.Release|x86.Build.0 = Release|Win32
	EndGlobalSection
	GlobalSection(SolutionProperties) = preSolution
		HideSolutionNode = FALSE
	EndGlobalSection
	GlobalSection(ExtensibilityGlobals) = postSolution
		SolutionGuid = {876EB6F8-A30F-47D6-B3F6-6C8BDC0EA5D4}
	EndGlobalSection
EndGlobal
